{
  "name": "@mconnect/mcutils",
  "version": "0.2.6",
  "lockfileVersion": 2,
  "requires": true,
  "packages": {
    "": {
      "name": "@mconnect/mcutils",
      "version": "0.2.6",
      "license": "MIT",
      "dependencies": {
        "@mconnect/mcresponse": "^0.6.0",
        "csvtojson": "^2.0.10",
        "localforage": "^1.10.0",
        "papaparse": "^5.3.2",
        "xml2js": "^0.4.23"
      },
      "devDependencies": {
        "@mconnect/mctest": "^0.5.5",
        "@types/node": "^18.11.19",
        "@types/papaparse": "^5.3.7",
        "@types/xml2js": "^0.4.11",
        "typescript": "^4.9.5"
      }
    },
    "node_modules/@mconnect/mcresponse": {
      "version": "0.6.0",
      "resolved": "https://registry.npmjs.org/@mconnect/mcresponse/-/mcresponse-0.6.0.tgz",
      "integrity": "sha512-Zd4uu/E98CY9UXmAJkZo4sUgmgXRroAIHNQb4odAvZgnEQBl/hlp6Y45Hk6eksQ2JZY5PuKVjdby7/JcdddCbA=="
    },
    "node_modules/@mconnect/mctest": {
      "version": "0.5.5",
      "resolved": "https://registry.npmjs.org/@mconnect/mctest/-/mctest-0.5.5.tgz",
      "integrity": "sha512-2Dvl7sMg/DQlQ29yWiSWCvrslGqOAEHCMFKDkpRWsdPJ1U2MNBQEtd0OJJAkOdjy9/haUeeZNHy+zqPiLuKldQ==",
      "dev": true
    },
    "node_modules/@types/node": {
      "version": "18.11.19",
      "resolved": "https://registry.npmjs.org/@types/node/-/node-18.11.19.tgz",
      "integrity": "sha512-YUgMWAQBWLObABqrvx8qKO1enAvBUdjZOAWQ5grBAkp5LQv45jBvYKZ3oFS9iKRCQyFjqw6iuEa1vmFqtxYLZw==",
      "dev": true
    },
    "node_modules/@types/papaparse": {
      "version": "5.3.7",
      "resolved": "https://registry.npmjs.org/@types/papaparse/-/papaparse-5.3.7.tgz",
      "integrity": "sha512-f2HKmlnPdCvS0WI33WtCs5GD7X1cxzzS/aduaxSu3I7TbhWlENjSPs6z5TaB9K0J+BH1jbmqTaM+ja5puis4wg==",
      "dev": true,
      "dependencies": {
        "@types/node": "*"
      }
    },
    "node_modules/@types/xml2js": {
      "version": "0.4.11",
      "resolved": "https://registry.npmjs.org/@types/xml2js/-/xml2js-0.4.11.tgz",
      "integrity": "sha512-JdigeAKmCyoJUiQljjr7tQG3if9NkqGUgwEUqBvV0N7LM4HyQk7UXCnusRa1lnvXAEYJ8mw8GtZWioagNztOwA==",
      "dev": true,
      "dependencies": {
        "@types/node": "*"
      }
    },
    "node_modules/bluebird": {
      "version": "3.7.2",
      "resolved": "https://registry.npmjs.org/bluebird/-/bluebird-3.7.2.tgz",
      "integrity": "sha512-XpNj6GDQzdfW+r2Wnn7xiSAd7TM3jzkxGXBGTtWKuSXv1xUV+azxAm8jdWZN06QTQk+2N2XB9jRDkvbmQmcRtg=="
    },
    "node_modules/csvtojson": {
      "version": "2.0.10",
      "resolved": "https://registry.npmjs.org/csvtojson/-/csvtojson-2.0.10.tgz",
      "integrity": "sha512-lUWFxGKyhraKCW8Qghz6Z0f2l/PqB1W3AO0HKJzGIQ5JRSlR651ekJDiGJbBT4sRNNv5ddnSGVEnsxP9XRCVpQ==",
      "dependencies": {
        "bluebird": "^3.5.1",
        "lodash": "^4.17.3",
        "strip-bom": "^2.0.0"
      },
      "bin": {
        "csvtojson": "bin/csvtojson"
      },
      "engines": {
        "node": ">=4.0.0"
      }
    },
    "node_modules/immediate": {
      "version": "3.0.6",
      "resolved": "https://registry.npmjs.org/immediate/-/immediate-3.0.6.tgz",
      "integrity": "sha1-nbHb0Pr43m++D13V5Wu2BigN5ps="
    },
    "node_modules/is-utf8": {
      "version": "0.2.1",
      "resolved": "https://registry.npmjs.org/is-utf8/-/is-utf8-0.2.1.tgz",
      "integrity": "sha512-rMYPYvCzsXywIsldgLaSoPlw5PfoB/ssr7hY4pLfcodrA5M/eArza1a9VmTiNIBNMjOGr1Ow9mTyU2o69U6U9Q=="
    },
    "node_modules/lie": {
      "version": "3.1.1",
      "resolved": "https://registry.npmjs.org/lie/-/lie-3.1.1.tgz",
      "integrity": "sha1-mkNrLMd0bKWd56QfpGmz77dr2H4=",
      "dependencies": {
        "immediate": "~3.0.5"
      }
    },
    "node_modules/localforage": {
      "version": "1.10.0",
      "resolved": "https://registry.npmjs.org/localforage/-/localforage-1.10.0.tgz",
      "integrity": "sha512-14/H1aX7hzBBmmh7sGPd+AOMkkIrHM3Z1PAyGgZigA1H1p5O5ANnMyWzvpAETtG68/dC4pC0ncy3+PPGzXZHPg==",
      "dependencies": {
        "lie": "3.1.1"
      }
    },
    "node_modules/lodash": {
      "version": "4.17.21",
      "resolved": "https://registry.npmjs.org/lodash/-/lodash-4.17.21.tgz",
      "integrity": "sha512-v2kDEe57lecTulaDIuNTPy3Ry4gLGJ6Z1O3vE1krgXZNrsQ+LFTGHVxVjcXPs17LhbZVGedAJv8XZ1tvj5FvSg=="
    },
    "node_modules/papaparse": {
      "version": "5.3.2",
      "resolved": "https://registry.npmjs.org/papaparse/-/papaparse-5.3.2.tgz",
      "integrity": "sha512-6dNZu0Ki+gyV0eBsFKJhYr+MdQYAzFUGlBMNj3GNrmHxmz1lfRa24CjFObPXtjcetlOv5Ad299MhIK0znp3afw=="
    },
    "node_modules/sax": {
      "version": "1.2.4",
      "resolved": "https://registry.npmjs.org/sax/-/sax-1.2.4.tgz",
      "integrity": "sha512-NqVDv9TpANUjFm0N8uM5GxL36UgKi9/atZw+x7YFnQ8ckwFGKrl4xX4yWtrey3UJm5nP1kUbnYgLopqWNSRhWw=="
    },
    "node_modules/strip-bom": {
      "version": "2.0.0",
      "resolved": "https://registry.npmjs.org/strip-bom/-/strip-bom-2.0.0.tgz",
      "integrity": "sha512-kwrX1y7czp1E69n2ajbG65mIo9dqvJ+8aBQXOGVxqwvNbsXdFM6Lq37dLAY3mknUwru8CfcCbfOLL/gMo+fi3g==",
      "dependencies": {
        "is-utf8": "^0.2.0"
      },
      "engines": {
        "node": ">=0.10.0"
      }
    },
    "node_modules/typescript": {
      "version": "4.9.5",
      "resolved": "https://registry.npmjs.org/typescript/-/typescript-4.9.5.tgz",
      "integrity": "sha512-1FXk9E2Hm+QzZQ7z+McJiHL4NW1F2EzMu9Nq9i3zAaGqibafqYwCVU6WyWAuyQRRzOlxou8xZSyXLEN8oKj24g==",
      "dev": true,
      "bin": {
        "tsc": "bin/tsc",
        "tsserver": "bin/tsserver"
      },
      "engines": {
        "node": ">=4.2.0"
      }
    },
    "node_modules/xml2js": {
      "version": "0.4.23",
      "resolved": "https://registry.npmjs.org/xml2js/-/xml2js-0.4.23.tgz",
      "integrity": "sha512-ySPiMjM0+pLDftHgXY4By0uswI3SPKLDw/i3UXbnO8M/p28zqexCUoPmQFrYD+/1BzhGJSs2i1ERWKJAtiLrug==",
      "dependencies": {
        "sax": ">=0.6.0",
        "xmlbuilder": "~11.0.0"
      },
      "engines": {
        "node": ">=4.0.0"
      }
    },
    "node_modules/xmlbuilder": {
      "version": "11.0.1",
      "resolved": "https://registry.npmjs.org/xmlbuilder/-/xmlbuilder-11.0.1.tgz",
      "integrity": "sha512-fDlsI/kFEx7gLvbecc0/ohLG50fugQp8ryHzMTuW9vSa1GJ0XYWKnhsUx7oie3G98+r56aTQIUB4kht42R3JvA==",
      "engines": {
        "node": ">=4.0"
      }
    }
  },
  "dependencies": {
    "@mconnect/mcresponse": {
      "version": "0.6.0",
      "resolved": "https://registry.npmjs.org/@mconnect/mcresponse/-/mcresponse-0.6.0.tgz",
      "integrity": "sha512-Zd4uu/E98CY9UXmAJkZo4sUgmgXRroAIHNQb4odAvZgnEQBl/hlp6Y45Hk6eksQ2JZY5PuKVjdby7/JcdddCbA=="
    },
    "@mconnect/mctest": {
      "version": "0.5.5",
      "resolved": "https://registry.npmjs.org/@mconnect/mctest/-/mctest-0.5.5.tgz",
      "integrity": "sha512-2Dvl7sMg/DQlQ29yWiSWCvrslGqOAEHCMFKDkpRWsdPJ1U2MNBQEtd0OJJAkOdjy9/haUeeZNHy+zqPiLuKldQ==",
      "dev": true
    },
    "@types/node": {
      "version": "18.11.19",
      "resolved": "https://registry.npmjs.org/@types/node/-/node-18.11.19.tgz",
      "integrity": "sha512-YUgMWAQBWLObABqrvx8qKO1enAvBUdjZOAWQ5grBAkp5LQv45jBvYKZ3oFS9iKRCQyFjqw6iuEa1vmFqtxYLZw==",
      "dev": true
    },
    "@types/papaparse": {
      "version": "5.3.7",
      "resolved": "https://registry.npmjs.org/@types/papaparse/-/papaparse-5.3.7.tgz",
      "integrity": "sha512-f2HKmlnPdCvS0WI33WtCs5GD7X1cxzzS/aduaxSu3I7TbhWlENjSPs6z5TaB9K0J+BH1jbmqTaM+ja5puis4wg==",
      "dev": true,
      "requires": {
        "@types/node": "*"
      }
    },
    "@types/xml2js": {
      "version": "0.4.11",
      "resolved": "https://registry.npmjs.org/@types/xml2js/-/xml2js-0.4.11.tgz",
      "integrity": "sha512-JdigeAKmCyoJUiQljjr7tQG3if9NkqGUgwEUqBvV0N7LM4HyQk7UXCnusRa1lnvXAEYJ8mw8GtZWioagNztOwA==",
      "dev": true,
      "requires": {
        "@types/node": "*"
      }
    },
    "bluebird": {
      "version": "3.7.2",
      "resolved": "https://registry.npmjs.org/bluebird/-/bluebird-3.7.2.tgz",
      "integrity": "sha512-XpNj6GDQzdfW+r2Wnn7xiSAd7TM3jzkxGXBGTtWKuSXv1xUV+azxAm8jdWZN06QTQk+2N2XB9jRDkvbmQmcRtg=="
    },
    "csvtojson": {
      "version": "2.0.10",
      "resolved": "https://registry.npmjs.org/csvtojson/-/csvtojson-2.0.10.tgz",
      "integrity": "sha512-lUWFxGKyhraKCW8Qghz6Z0f2l/PqB1W3AO0HKJzGIQ5JRSlR651ekJDiGJbBT4sRNNv5ddnSGVEnsxP9XRCVpQ==",
      "requires": {
        "bluebird": "^3.5.1",
        "lodash": "^4.17.3",
        "strip-bom": "^2.0.0"
      }
    },
    "immediate": {
      "version": "3.0.6",
      "resolved": "https://registry.npmjs.org/immediate/-/immediate-3.0.6.tgz",
      "integrity": "sha1-nbHb0Pr43m++D13V5Wu2BigN5ps="
    },
    "is-utf8": {
      "version": "0.2.1",
      "resolved": "https://registry.npmjs.org/is-utf8/-/is-utf8-0.2.1.tgz",
      "integrity": "sha512-rMYPYvCzsXywIsldgLaSoPlw5PfoB/ssr7hY4pLfcodrA5M/eArza1a9VmTiNIBNMjOGr1Ow9mTyU2o69U6U9Q=="
    },
    "lie": {
      "version": "3.1.1",
      "resolved": "https://registry.npmjs.org/lie/-/lie-3.1.1.tgz",
      "integrity": "sha1-mkNrLMd0bKWd56QfpGmz77dr2H4=",
      "requires": {
        "immediate": "~3.0.5"
      }
    },
    "localforage": {
      "version": "1.10.0",
      "resolved": "https://registry.npmjs.org/localforage/-/localforage-1.10.0.tgz",
      "integrity": "sha512-14/H1aX7hzBBmmh7sGPd+AOMkkIrHM3Z1PAyGgZigA1H1p5O5ANnMyWzvpAETtG68/dC4pC0ncy3+PPGzXZHPg==",
      "requires": {
        "lie": "3.1.1"
      }
    },
    "lodash": {
      "version": "4.17.21",
      "resolved": "https://registry.npmjs.org/lodash/-/lodash-4.17.21.tgz",
      "integrity": "sha512-v2kDEe57lecTulaDIuNTPy3Ry4gLGJ6Z1O3vE1krgXZNrsQ+LFTGHVxVjcXPs17LhbZVGedAJv8XZ1tvj5FvSg=="
    },
    "papaparse": {
      "version": "5.3.2",
      "resolved": "https://registry.npmjs.org/papaparse/-/papaparse-5.3.2.tgz",
      "integrity": "sha512-6dNZu0Ki+gyV0eBsFKJhYr+MdQYAzFUGlBMNj3GNrmHxmz1lfRa24CjFObPXtjcetlOv5Ad299MhIK0znp3afw=="
    },
    "sax": {
      "version": "1.2.4",
      "resolved": "https://registry.npmjs.org/sax/-/sax-1.2.4.tgz",
      "integrity": "sha512-NqVDv9TpANUjFm0N8uM5GxL36UgKi9/atZw+x7YFnQ8ckwFGKrl4xX4yWtrey3UJm5nP1kUbnYgLopqWNSRhWw=="
    },
    "strip-bom": {
      "version": "2.0.0",
      "resolved": "https://registry.npmjs.org/strip-bom/-/strip-bom-2.0.0.tgz",
      "integrity": "sha512-kwrX1y7czp1E69n2ajbG65mIo9dqvJ+8aBQXOGVxqwvNbsXdFM6Lq37dLAY3mknUwru8CfcCbfOLL/gMo+fi3g==",
      "requires": {
        "is-utf8": "^0.2.0"
      }
    },
    "typescript": {
      "version": "4.9.5",
      "resolved": "https://registry.npmjs.org/typescript/-/typescript-4.9.5.tgz",
      "integrity": "sha512-1FXk9E2Hm+QzZQ7z+McJiHL4NW1F2EzMu9Nq9i3zAaGqibafqYwCVU6WyWAuyQRRzOlxou8xZSyXLEN8oKj24g==",
      "dev": true
    },
    "xml2js": {
      "version": "0.4.23",
      "resolved": "https://registry.npmjs.org/xml2js/-/xml2js-0.4.23.tgz",
      "integrity": "sha512-ySPiMjM0+pLDftHgXY4By0uswI3SPKLDw/i3UXbnO8M/p28zqexCUoPmQFrYD+/1BzhGJSs2i1ERWKJAtiLrug==",
      "requires": {
        "sax": ">=0.6.0",
        "xmlbuilder": "~11.0.0"
      }
    },
    "xmlbuilder": {
      "version": "11.0.1",
      "resolved": "https://registry.npmjs.org/xmlbuilder/-/xmlbuilder-11.0.1.tgz",
      "integrity": "sha512-fDlsI/kFEx7gLvbecc0/ohLG50fugQp8ryHzMTuW9vSa1GJ0XYWKnhsUx7oie3G98+r56aTQIUB4kht42R3JvA=="
    }
  }
}
